
Microsoft Visual Studio Solution File, Format Version 12.00
# Visual Studio Version 17
VisualStudioVersion = 17.9.34607.119
MinimumVisualStudioVersion = 10.0.40219.1
Project("{FAE04EC0-301F-11D3-BF4B-00C04F79EFBC}") = "OOP_Lr9", "OOP_Lr9\OOP_Lr9.csproj", "{86F5C657-DCD0-4751-9863-8DB726900932}"
EndProject
Global
	GlobalSection(SolutionConfigurationPlatforms) = preSolution
		Debug|Any CPU = Debug|Any CPU
		Release|Any CPU = Release|Any CPU
	EndGlobalSection
	GlobalSection(ProjectConfigurationPlatforms) = postSolution
		{86F5C657-DCD0-4751-9863-8DB726900932}.Debug|Any CPU.ActiveCfg = Debug|Any CPU
		{86F5C657-DCD0-4751-9863-8DB726900932}.Debug|Any CPU.Build.0 = Debug|Any CPU
		{86F5C657-DCD0-4751-9863-8DB726900932}.Release|Any CPU.ActiveCfg = Release|Any CPU
		{86F5C657-DCD0-4751-9863-8DB726900932}.Release|Any CPU.Build.0 = Release|Any CPU
	EndGlobalSection
	GlobalSection(SolutionProperties) = preSolution
		HideSolutionNode = FALSE
	EndGlobalSection
	GlobalSection(ExtensibilityGlobals) = postSolution
		SolutionGuid = {8BC439A1-D155-4CE5-817D-D480897830D8}
	EndGlobalSection
EndGlobal
